
Microsoft Visual Studio Solution File, Format Version 11.00
# Visual Studio 2010
Project("{FAE04EC0-301F-11D3-BF4B-00C04F79EFBC}") = "Assembly-CSharp", "Assembly-CSharp.csproj", "{6F4E9FA6-6B87-AE75-9C07-665AC50A59CE}"
EndProject
Project("{FAE04EC0-301F-11D3-BF4B-00C04F79EFBC}") = "Assembly-CSharp-firstpass", "Assembly-CSharp-firstpass.csproj", "{3838C466-A2E8-3569-B406-F06163569F3B}"
EndProject
Project("{FAE04EC0-301F-11D3-BF4B-00C04F79EFBC}") = "Assembly-CSharp-Editor-firstpass", "Assembly-CSharp-Editor-firstpass.csproj", "{F800C907-0943-2543-0F0B-7517C3EACC4B}"
EndProject
Project("{FAE04EC0-301F-11D3-BF4B-00C04F79EFBC}") = "Assembly-CSharp-Editor", "Assembly-CSharp-Editor.csproj", "{130DC6AD-9766-11B3-36B2-F4B0E1C74682}"
EndProject
Global
	GlobalSection(SolutionConfigurationPlatforms) = preSolution
		Debug|Any CPU = Debug|Any CPU
		Release|Any CPU = Release|Any CPU
	EndGlobalSection
	GlobalSection(ProjectConfigurationPlatforms) = postSolution
		{6F4E9FA6-6B87-AE75-9C07-665AC50A59CE}.Debug|Any CPU.ActiveCfg = Debug|Any CPU
		{6F4E9FA6-6B87-AE75-9C07-665AC50A59CE}.Debug|Any CPU.Build.0 = Debug|Any CPU
		{6F4E9FA6-6B87-AE75-9C07-665AC50A59CE}.Release|Any CPU.ActiveCfg = Release|Any CPU
		{6F4E9FA6-6B87-AE75-9C07-665AC50A59CE}.Release|Any CPU.Build.0 = Release|Any CPU
		{3838C466-A2E8-3569-B406-F06163569F3B}.Debug|Any CPU.ActiveCfg = Debug|Any CPU
		{3838C466-A2E8-3569-B406-F06163569F3B}.Debug|Any CPU.Build.0 = Debug|Any CPU
		{3838C466-A2E8-3569-B406-F06163569F3B}.Release|Any CPU.ActiveCfg = Release|Any CPU
		{3838C466-A2E8-3569-B406-F06163569F3B}.Release|Any CPU.Build.0 = Release|Any CPU
		{F800C907-0943-2543-0F0B-7517C3EACC4B}.Debug|Any CPU.ActiveCfg = Debug|Any CPU
		{F800C907-0943-2543-0F0B-7517C3EACC4B}.Debug|Any CPU.Build.0 = Debug|Any CPU
		{F800C907-0943-2543-0F0B-7517C3EACC4B}.Release|Any CPU.ActiveCfg = Release|Any CPU
		{F800C907-0943-2543-0F0B-7517C3EACC4B}.Release|Any CPU.Build.0 = Release|Any CPU
		{130DC6AD-9766-11B3-36B2-F4B0E1C74682}.Debug|Any CPU.ActiveCfg = Debug|Any CPU
		{130DC6AD-9766-11B3-36B2-F4B0E1C74682}.Debug|Any CPU.Build.0 = Debug|Any CPU
		{130DC6AD-9766-11B3-36B2-F4B0E1C74682}.Release|Any CPU.ActiveCfg = Release|Any CPU
		{130DC6AD-9766-11B3-36B2-F4B0E1C74682}.Release|Any CPU.Build.0 = Release|Any CPU
	EndGlobalSection
	GlobalSection(SolutionProperties) = preSolution
		HideSolutionNode = FALSE
	EndGlobalSection
EndGlobal
